
Microsoft Visual Studio Solution File, Format Version 12.00
# Visual Studio Express 15 for Windows Desktop
VisualStudioVersion = 15.0.36324.19
MinimumVisualStudioVersion = 10.0.40219.1
Project("{FAE04EC0-301F-11D3-BF4B-00C04F79EFBC}") = "MaterialSpinTextbox", "MaterialSpinTextbox\MaterialSpinTextbox.csproj", "{BD57DB8A-8BC0-4404-A8CA-0234D3A45BE1}"
EndProject
Project("{FAE04EC0-301F-11D3-BF4B-00C04F79EFBC}") = "MaterialSpinTextboxPaint", "MaterialSpinTextboxPaint\MaterialSpinTextboxPaint.csproj", "{CBF5A0CB-BC23-4042-8C5A-B0C9BC015E4F}"
EndProject
Global
	GlobalSection(SolutionConfigurationPlatforms) = preSolution
		Debug|Any CPU = Debug|Any CPU
		Release|Any CPU = Release|Any CPU
	EndGlobalSection
	GlobalSection(ProjectConfigurationPlatforms) = postSolution
		{BD57DB8A-8BC0-4404-A8CA-0234D3A45BE1}.Debug|Any CPU.ActiveCfg = Debug|Any CPU
		{BD57DB8A-8BC0-4404-A8CA-0234D3A45BE1}.Debug|Any CPU.Build.0 = Debug|Any CPU
		{BD57DB8A-8BC0-4404-A8CA-0234D3A45BE1}.Release|Any CPU.ActiveCfg = Release|Any CPU
		{BD57DB8A-8BC0-4404-A8CA-0234D3A45BE1}.Release|Any CPU.Build.0 = Release|Any CPU
		{CBF5A0CB-BC23-4042-8C5A-B0C9BC015E4F}.Debug|Any CPU.ActiveCfg = Debug|Any CPU
		{CBF5A0CB-BC23-4042-8C5A-B0C9BC015E4F}.Debug|Any CPU.Build.0 = Debug|Any CPU
		{CBF5A0CB-BC23-4042-8C5A-B0C9BC015E4F}.Release|Any CPU.ActiveCfg = Release|Any CPU
		{CBF5A0CB-BC23-4042-8C5A-B0C9BC015E4F}.Release|Any CPU.Build.0 = Release|Any CPU
	EndGlobalSection
	GlobalSection(SolutionProperties) = preSolution
		HideSolutionNode = FALSE
	EndGlobalSection
	GlobalSection(ExtensibilityGlobals) = postSolution
		SolutionGuid = {15D02971-6DD1-4DDE-8B9C-DB7195B03E10}
	EndGlobalSection
EndGlobal
