
Microsoft Visual Studio Solution File, Format Version 12.00
# Visual Studio Express 15 for Windows Desktop
VisualStudioVersion = 15.0.36324.19
MinimumVisualStudioVersion = 10.0.40219.1
Project("{FAE04EC0-301F-11D3-BF4B-00C04F79EFBC}") = "WordWrapping", "WordWrapping\WordWrapping.csproj", "{527212F2-DA97-4349-B244-6F152FF6365C}"
EndProject
Global
	GlobalSection(SolutionConfigurationPlatforms) = preSolution
		Debug|Any CPU = Debug|Any CPU
		Release|Any CPU = Release|Any CPU
	EndGlobalSection
	GlobalSection(ProjectConfigurationPlatforms) = postSolution
		{527212F2-DA97-4349-B244-6F152FF6365C}.Debug|Any CPU.ActiveCfg = Debug|Any CPU
		{527212F2-DA97-4349-B244-6F152FF6365C}.Debug|Any CPU.Build.0 = Debug|Any CPU
		{527212F2-DA97-4349-B244-6F152FF6365C}.Release|Any CPU.ActiveCfg = Release|Any CPU
		{527212F2-DA97-4349-B244-6F152FF6365C}.Release|Any CPU.Build.0 = Release|Any CPU
	EndGlobalSection
	GlobalSection(SolutionProperties) = preSolution
		HideSolutionNode = FALSE
	EndGlobalSection
	GlobalSection(ExtensibilityGlobals) = postSolution
		SolutionGuid = {8F9092B4-2DB8-4230-A049-8B9D737B0AAA}
	EndGlobalSection
EndGlobal
