
Microsoft Visual Studio Solution File, Format Version 12.00
# Visual Studio Express 15 for Windows Desktop
VisualStudioVersion = 15.0.36617.4
MinimumVisualStudioVersion = 10.0.40219.1
Project("{FAE04EC0-301F-11D3-BF4B-00C04F79EFBC}") = "ThemeChange", "ThemeChange\ThemeChange.csproj", "{BFB10239-859B-4261-9D20-3C5D5A792176}"
EndProject
Global
	GlobalSection(SolutionConfigurationPlatforms) = preSolution
		Debug|Any CPU = Debug|Any CPU
		Release|Any CPU = Release|Any CPU
	EndGlobalSection
	GlobalSection(ProjectConfigurationPlatforms) = postSolution
		{BFB10239-859B-4261-9D20-3C5D5A792176}.Debug|Any CPU.ActiveCfg = Debug|Any CPU
		{BFB10239-859B-4261-9D20-3C5D5A792176}.Debug|Any CPU.Build.0 = Debug|Any CPU
		{BFB10239-859B-4261-9D20-3C5D5A792176}.Release|Any CPU.ActiveCfg = Release|Any CPU
		{BFB10239-859B-4261-9D20-3C5D5A792176}.Release|Any CPU.Build.0 = Release|Any CPU
	EndGlobalSection
	GlobalSection(SolutionProperties) = preSolution
		HideSolutionNode = FALSE
	EndGlobalSection
	GlobalSection(ExtensibilityGlobals) = postSolution
		SolutionGuid = {16D0FF41-4559-4DA0-9943-5EC4E926020D}
	EndGlobalSection
EndGlobal
