
Microsoft Visual Studio Solution File, Format Version 12.00
# Visual Studio Express 15 for Windows Desktop
VisualStudioVersion = 15.0.36324.19
MinimumVisualStudioVersion = 10.0.40219.1
Project("{FAE04EC0-301F-11D3-BF4B-00C04F79EFBC}") = "practise", "practise\practise.csproj", "{49A43551-594C-4D6C-ABF5-851D59AD46E3}"
EndProject
Global
	GlobalSection(SolutionConfigurationPlatforms) = preSolution
		Debug|Any CPU = Debug|Any CPU
		Release|Any CPU = Release|Any CPU
	EndGlobalSection
	GlobalSection(ProjectConfigurationPlatforms) = postSolution
		{49A43551-594C-4D6C-ABF5-851D59AD46E3}.Debug|Any CPU.ActiveCfg = Debug|Any CPU
		{49A43551-594C-4D6C-ABF5-851D59AD46E3}.Debug|Any CPU.Build.0 = Debug|Any CPU
		{49A43551-594C-4D6C-ABF5-851D59AD46E3}.Release|Any CPU.ActiveCfg = Release|Any CPU
		{49A43551-594C-4D6C-ABF5-851D59AD46E3}.Release|Any CPU.Build.0 = Release|Any CPU
	EndGlobalSection
	GlobalSection(SolutionProperties) = preSolution
		HideSolutionNode = FALSE
	EndGlobalSection
	GlobalSection(ExtensibilityGlobals) = postSolution
		SolutionGuid = {AFE26E8A-B28B-4D9B-AC1F-E17CCA3675D5}
	EndGlobalSection
EndGlobal
