
Microsoft Visual Studio Solution File, Format Version 12.00
# Visual Studio Express 15 for Windows Desktop
VisualStudioVersion = 15.0.36617.4
MinimumVisualStudioVersion = 10.0.40219.1
Project("{FAE04EC0-301F-11D3-BF4B-00C04F79EFBC}") = "UnsafeCode", "UnsafeCode\UnsafeCode.csproj", "{496721A6-7C34-477C-8041-8431DAFCA940}"
EndProject
Global
	GlobalSection(SolutionConfigurationPlatforms) = preSolution
		Debug|Any CPU = Debug|Any CPU
		Release|Any CPU = Release|Any CPU
	EndGlobalSection
	GlobalSection(ProjectConfigurationPlatforms) = postSolution
		{496721A6-7C34-477C-8041-8431DAFCA940}.Debug|Any CPU.ActiveCfg = Debug|Any CPU
		{496721A6-7C34-477C-8041-8431DAFCA940}.Debug|Any CPU.Build.0 = Debug|Any CPU
		{496721A6-7C34-477C-8041-8431DAFCA940}.Release|Any CPU.ActiveCfg = Release|Any CPU
		{496721A6-7C34-477C-8041-8431DAFCA940}.Release|Any CPU.Build.0 = Release|Any CPU
	EndGlobalSection
	GlobalSection(SolutionProperties) = preSolution
		HideSolutionNode = FALSE
	EndGlobalSection
	GlobalSection(ExtensibilityGlobals) = postSolution
		SolutionGuid = {E040AE40-C5E6-4DA0-A1A0-AC8384DA38D2}
	EndGlobalSection
EndGlobal
