
Microsoft Visual Studio Solution File, Format Version 12.00
# Visual Studio Express 15 for Windows Desktop
VisualStudioVersion = 15.0.36324.19
MinimumVisualStudioVersion = 10.0.40219.1
Project("{FAE04EC0-301F-11D3-BF4B-00C04F79EFBC}") = "Clock", "Clock\Clock.csproj", "{9FFDB752-CCDA-409F-B22F-E65854E6DD87}"
EndProject
Global
	GlobalSection(SolutionConfigurationPlatforms) = preSolution
		Debug|Any CPU = Debug|Any CPU
		Release|Any CPU = Release|Any CPU
	EndGlobalSection
	GlobalSection(ProjectConfigurationPlatforms) = postSolution
		{9FFDB752-CCDA-409F-B22F-E65854E6DD87}.Debug|Any CPU.ActiveCfg = Debug|Any CPU
		{9FFDB752-CCDA-409F-B22F-E65854E6DD87}.Debug|Any CPU.Build.0 = Debug|Any CPU
		{9FFDB752-CCDA-409F-B22F-E65854E6DD87}.Release|Any CPU.ActiveCfg = Release|Any CPU
		{9FFDB752-CCDA-409F-B22F-E65854E6DD87}.Release|Any CPU.Build.0 = Release|Any CPU
	EndGlobalSection
	GlobalSection(SolutionProperties) = preSolution
		HideSolutionNode = FALSE
	EndGlobalSection
	GlobalSection(ExtensibilityGlobals) = postSolution
		SolutionGuid = {81AA13BA-C613-4C3C-9F64-5648503F859F}
	EndGlobalSection
EndGlobal
