
Microsoft Visual Studio Solution File, Format Version 12.00
# Visual Studio Express 15 for Windows Desktop
VisualStudioVersion = 15.0.36617.4
MinimumVisualStudioVersion = 10.0.40219.1
Project("{FAE04EC0-301F-11D3-BF4B-00C04F79EFBC}") = "MonitorConsoleApp", "MonitorConsoleApp\MonitorConsoleApp.csproj", "{BB153926-032F-4343-AC34-7FB5D993A96C}"
EndProject
Global
	GlobalSection(SolutionConfigurationPlatforms) = preSolution
		Debug|Any CPU = Debug|Any CPU
		Release|Any CPU = Release|Any CPU
	EndGlobalSection
	GlobalSection(ProjectConfigurationPlatforms) = postSolution
		{BB153926-032F-4343-AC34-7FB5D993A96C}.Debug|Any CPU.ActiveCfg = Debug|Any CPU
		{BB153926-032F-4343-AC34-7FB5D993A96C}.Debug|Any CPU.Build.0 = Debug|Any CPU
		{BB153926-032F-4343-AC34-7FB5D993A96C}.Release|Any CPU.ActiveCfg = Release|Any CPU
		{BB153926-032F-4343-AC34-7FB5D993A96C}.Release|Any CPU.Build.0 = Release|Any CPU
	EndGlobalSection
	GlobalSection(SolutionProperties) = preSolution
		HideSolutionNode = FALSE
	EndGlobalSection
	GlobalSection(ExtensibilityGlobals) = postSolution
		SolutionGuid = {FDBA417C-D662-491C-A4CE-95F96C720DC4}
	EndGlobalSection
EndGlobal
