
Microsoft Visual Studio Solution File, Format Version 12.00
# Visual Studio Express 15 for Windows Desktop
VisualStudioVersion = 15.0.36324.19
MinimumVisualStudioVersion = 10.0.40219.1
Project("{FAE04EC0-301F-11D3-BF4B-00C04F79EFBC}") = "userControl", "userControl\userControl.csproj", "{88EC3AAE-082B-463F-99DC-33A107205697}"
EndProject
Global
	GlobalSection(SolutionConfigurationPlatforms) = preSolution
		Debug|Any CPU = Debug|Any CPU
		Release|Any CPU = Release|Any CPU
	EndGlobalSection
	GlobalSection(ProjectConfigurationPlatforms) = postSolution
		{88EC3AAE-082B-463F-99DC-33A107205697}.Debug|Any CPU.ActiveCfg = Debug|Any CPU
		{88EC3AAE-082B-463F-99DC-33A107205697}.Debug|Any CPU.Build.0 = Debug|Any CPU
		{88EC3AAE-082B-463F-99DC-33A107205697}.Release|Any CPU.ActiveCfg = Release|Any CPU
		{88EC3AAE-082B-463F-99DC-33A107205697}.Release|Any CPU.Build.0 = Release|Any CPU
	EndGlobalSection
	GlobalSection(SolutionProperties) = preSolution
		HideSolutionNode = FALSE
	EndGlobalSection
	GlobalSection(ExtensibilityGlobals) = postSolution
		SolutionGuid = {81E62185-1F22-41C8-81C1-F0753DBA9FDC}
	EndGlobalSection
EndGlobal
