
Microsoft Visual Studio Solution File, Format Version 12.00
# Visual Studio Express 15 for Windows Desktop
VisualStudioVersion = 15.0.36324.19
MinimumVisualStudioVersion = 10.0.40219.1
Project("{FAE04EC0-301F-11D3-BF4B-00C04F79EFBC}") = "Winforms", "Winforms\Winforms.csproj", "{19A52684-7BCA-4985-ACAE-E0761474675A}"
EndProject
Project("{FAE04EC0-301F-11D3-BF4B-00C04F79EFBC}") = "FeedbackForm", "FeedbackForm\FeedbackForm.csproj", "{4DC5335E-08B4-4DD8-B215-6932CF3BC779}"
EndProject
Global
	GlobalSection(SolutionConfigurationPlatforms) = preSolution
		Debug|Any CPU = Debug|Any CPU
		Release|Any CPU = Release|Any CPU
	EndGlobalSection
	GlobalSection(ProjectConfigurationPlatforms) = postSolution
		{19A52684-7BCA-4985-ACAE-E0761474675A}.Debug|Any CPU.ActiveCfg = Debug|Any CPU
		{19A52684-7BCA-4985-ACAE-E0761474675A}.Debug|Any CPU.Build.0 = Debug|Any CPU
		{19A52684-7BCA-4985-ACAE-E0761474675A}.Release|Any CPU.ActiveCfg = Release|Any CPU
		{19A52684-7BCA-4985-ACAE-E0761474675A}.Release|Any CPU.Build.0 = Release|Any CPU
		{4DC5335E-08B4-4DD8-B215-6932CF3BC779}.Debug|Any CPU.ActiveCfg = Debug|Any CPU
		{4DC5335E-08B4-4DD8-B215-6932CF3BC779}.Debug|Any CPU.Build.0 = Debug|Any CPU
		{4DC5335E-08B4-4DD8-B215-6932CF3BC779}.Release|Any CPU.ActiveCfg = Release|Any CPU
		{4DC5335E-08B4-4DD8-B215-6932CF3BC779}.Release|Any CPU.Build.0 = Release|Any CPU
	EndGlobalSection
	GlobalSection(SolutionProperties) = preSolution
		HideSolutionNode = FALSE
	EndGlobalSection
	GlobalSection(ExtensibilityGlobals) = postSolution
		SolutionGuid = {64D19BB4-FE99-46B0-8B1F-3E450FB5F570}
	EndGlobalSection
EndGlobal
